
Microsoft Visual Studio Solution File, Format Version 12.00
# Visual Studio Version 16
VisualStudioVersion = 16.0.30503.244
MinimumVisualStudioVersion = 10.0.40219.1
Project("{9A19103F-16F7-4668-BE54-9A1E7A4F7556}") = "WebAPIDotNetCore", "WebAPIDotNetCore\WebAPIDotNetCore.csproj", "{A428601B-76B0-484F-B2FB-101755E74F33}"
EndProject
Global
	GlobalSection(SolutionConfigurationPlatforms) = preSolution
		Debug|Any CPU = Debug|Any CPU
		Release|Any CPU = Release|Any CPU
	EndGlobalSection
	GlobalSection(ProjectConfigurationPlatforms) = postSolution
		{A428601B-76B0-484F-B2FB-101755E74F33}.Debug|Any CPU.ActiveCfg = Debug|Any CPU
		{A428601B-76B0-484F-B2FB-101755E74F33}.Debug|Any CPU.Build.0 = Debug|Any CPU
		{A428601B-76B0-484F-B2FB-101755E74F33}.Release|Any CPU.ActiveCfg = Release|Any CPU
		{A428601B-76B0-484F-B2FB-101755E74F33}.Release|Any CPU.Build.0 = Release|Any CPU
	EndGlobalSection
	GlobalSection(SolutionProperties) = preSolution
		HideSolutionNode = FALSE
	EndGlobalSection
	GlobalSection(ExtensibilityGlobals) = postSolution
		SolutionGuid = {B724782C-E8B9-424A-BDD2-3E65412EC137}
	EndGlobalSection
EndGlobal
